
Microsoft Visual Studio Solution File, Format Version 12.00
# Visual Studio Version 16
VisualStudioVersion = 16.0.32126.315
MinimumVisualStudioVersion = 10.0.40219.1
Project("{FAE04EC0-301F-11D3-BF4B-00C04F79EFBC}") = "clase 7", "clase 7\clase 7.csproj", "{7D97FFE0-21BF-440C-94F6-2B4C28112D56}"
EndProject
Global
	GlobalSection(SolutionConfigurationPlatforms) = preSolution
		Debug|Any CPU = Debug|Any CPU
		Release|Any CPU = Release|Any CPU
	EndGlobalSection
	GlobalSection(ProjectConfigurationPlatforms) = postSolution
		{7D97FFE0-21BF-440C-94F6-2B4C28112D56}.Debug|Any CPU.ActiveCfg = Debug|Any CPU
		{7D97FFE0-21BF-440C-94F6-2B4C28112D56}.Debug|Any CPU.Build.0 = Debug|Any CPU
		{7D97FFE0-21BF-440C-94F6-2B4C28112D56}.Release|Any CPU.ActiveCfg = Release|Any CPU
		{7D97FFE0-21BF-440C-94F6-2B4C28112D56}.Release|Any CPU.Build.0 = Release|Any CPU
	EndGlobalSection
	GlobalSection(SolutionProperties) = preSolution
		HideSolutionNode = FALSE
	EndGlobalSection
	GlobalSection(ExtensibilityGlobals) = postSolution
		SolutionGuid = {E628B9E8-561B-471C-839C-BD09F2DB5069}
	EndGlobalSection
EndGlobal
